
Microsoft Visual Studio Solution File, Format Version 12.00
# Visual Studio 14
VisualStudioVersion = 14.0.25420.1
MinimumVisualStudioVersion = 10.0.40219.1
Project("{FAE04EC0-301F-11D3-BF4B-00C04F79EFBC}") = "Strategy", "Strategy\Strategy.csproj", "{6C7ADAA6-DF01-46FA-9EB8-BB7A6FA12288}"
EndProject
Project("{FAE04EC0-301F-11D3-BF4B-00C04F79EFBC}") = "Observer", "Observer\Observer.csproj", "{452422C5-7585-4869-92CB-292E68632DF5}"
EndProject
Project("{FAE04EC0-301F-11D3-BF4B-00C04F79EFBC}") = "Decorator", "Decorator\Decorator.csproj", "{AE536E8D-BC60-4FB8-B8E7-7DE65A65C188}"
EndProject
Project("{FAE04EC0-301F-11D3-BF4B-00C04F79EFBC}") = "Factory", "Factory\Factory.csproj", "{1F4DB2E5-86C9-4CA9-89C8-79FD396C3D8F}"
EndProject
Project("{FAE04EC0-301F-11D3-BF4B-00C04F79EFBC}") = "Command", "Command\Command.csproj", "{13E899B1-588A-446E-A72C-77FE0110C13C}"
EndProject
Project("{FAE04EC0-301F-11D3-BF4B-00C04F79EFBC}") = "AdapterFacade", "AdapterFacade\AdapterFacade.csproj", "{CD399076-ED1E-4643-896E-6823548C391A}"
EndProject
Global
	GlobalSection(SolutionConfigurationPlatforms) = preSolution
		Debug|Any CPU = Debug|Any CPU
		Release|Any CPU = Release|Any CPU
	EndGlobalSection
	GlobalSection(ProjectConfigurationPlatforms) = postSolution
		{6C7ADAA6-DF01-46FA-9EB8-BB7A6FA12288}.Debug|Any CPU.ActiveCfg = Debug|Any CPU
		{6C7ADAA6-DF01-46FA-9EB8-BB7A6FA12288}.Debug|Any CPU.Build.0 = Debug|Any CPU
		{6C7ADAA6-DF01-46FA-9EB8-BB7A6FA12288}.Release|Any CPU.ActiveCfg = Release|Any CPU
		{6C7ADAA6-DF01-46FA-9EB8-BB7A6FA12288}.Release|Any CPU.Build.0 = Release|Any CPU
		{452422C5-7585-4869-92CB-292E68632DF5}.Debug|Any CPU.ActiveCfg = Debug|Any CPU
		{452422C5-7585-4869-92CB-292E68632DF5}.Debug|Any CPU.Build.0 = Debug|Any CPU
		{452422C5-7585-4869-92CB-292E68632DF5}.Release|Any CPU.ActiveCfg = Release|Any CPU
		{452422C5-7585-4869-92CB-292E68632DF5}.Release|Any CPU.Build.0 = Release|Any CPU
		{AE536E8D-BC60-4FB8-B8E7-7DE65A65C188}.Debug|Any CPU.ActiveCfg = Debug|Any CPU
		{AE536E8D-BC60-4FB8-B8E7-7DE65A65C188}.Debug|Any CPU.Build.0 = Debug|Any CPU
		{AE536E8D-BC60-4FB8-B8E7-7DE65A65C188}.Release|Any CPU.ActiveCfg = Release|Any CPU
		{AE536E8D-BC60-4FB8-B8E7-7DE65A65C188}.Release|Any CPU.Build.0 = Release|Any CPU
		{1F4DB2E5-86C9-4CA9-89C8-79FD396C3D8F}.Debug|Any CPU.ActiveCfg = Debug|Any CPU
		{1F4DB2E5-86C9-4CA9-89C8-79FD396C3D8F}.Debug|Any CPU.Build.0 = Debug|Any CPU
		{1F4DB2E5-86C9-4CA9-89C8-79FD396C3D8F}.Release|Any CPU.ActiveCfg = Release|Any CPU
		{1F4DB2E5-86C9-4CA9-89C8-79FD396C3D8F}.Release|Any CPU.Build.0 = Release|Any CPU
		{13E899B1-588A-446E-A72C-77FE0110C13C}.Debug|Any CPU.ActiveCfg = Debug|Any CPU
		{13E899B1-588A-446E-A72C-77FE0110C13C}.Debug|Any CPU.Build.0 = Debug|Any CPU
		{13E899B1-588A-446E-A72C-77FE0110C13C}.Release|Any CPU.ActiveCfg = Release|Any CPU
		{13E899B1-588A-446E-A72C-77FE0110C13C}.Release|Any CPU.Build.0 = Release|Any CPU
		{CD399076-ED1E-4643-896E-6823548C391A}.Debug|Any CPU.ActiveCfg = Debug|Any CPU
		{CD399076-ED1E-4643-896E-6823548C391A}.Debug|Any CPU.Build.0 = Debug|Any CPU
		{CD399076-ED1E-4643-896E-6823548C391A}.Release|Any CPU.ActiveCfg = Release|Any CPU
		{CD399076-ED1E-4643-896E-6823548C391A}.Release|Any CPU.Build.0 = Release|Any CPU
	EndGlobalSection
	GlobalSection(SolutionProperties) = preSolution
		HideSolutionNode = FALSE
	EndGlobalSection
EndGlobal
